
Microsoft Visual Studio Solution File, Format Version 12.00
# Visual Studio Version 17
VisualStudioVersion = 17.4.33213.308
MinimumVisualStudioVersion = 10.0.40219.1
Project("{FAE04EC0-301F-11D3-BF4B-00C04F79EFBC}") = "01_ADO.NET_PracticWork", "01_ADO.NET_PracticWork\01_ADO.NET_PracticWork.csproj", "{826ECC7E-EA43-47E2-8780-06E6096F6032}"
EndProject
Global
	GlobalSection(SolutionConfigurationPlatforms) = preSolution
		Debug|Any CPU = Debug|Any CPU
		Release|Any CPU = Release|Any CPU
	EndGlobalSection
	GlobalSection(ProjectConfigurationPlatforms) = postSolution
		{826ECC7E-EA43-47E2-8780-06E6096F6032}.Debug|Any CPU.ActiveCfg = Debug|Any CPU
		{826ECC7E-EA43-47E2-8780-06E6096F6032}.Debug|Any CPU.Build.0 = Debug|Any CPU
		{826ECC7E-EA43-47E2-8780-06E6096F6032}.Release|Any CPU.ActiveCfg = Release|Any CPU
		{826ECC7E-EA43-47E2-8780-06E6096F6032}.Release|Any CPU.Build.0 = Release|Any CPU
	EndGlobalSection
	GlobalSection(SolutionProperties) = preSolution
		HideSolutionNode = FALSE
	EndGlobalSection
	GlobalSection(ExtensibilityGlobals) = postSolution
		SolutionGuid = {DEBD08E5-AF39-4259-810D-8DD4D91F77CB}
	EndGlobalSection
EndGlobal
